
Microsoft Visual Studio Solution File, Format Version 12.00
# Visual Studio Version 17
VisualStudioVersion = 17.14.36414.22 d17.14
MinimumVisualStudioVersion = 10.0.40219.1
Project("{FAE04EC0-301F-11D3-BF4B-00C04F79EFBC}") = "NewOnsdagExercise", "NewOnsdagExercise.csproj", "{A0A73DDF-F1BE-4CD7-915C-2EE225D4D44B}"
EndProject
Global
	GlobalSection(SolutionConfigurationPlatforms) = preSolution
		Debug|Any CPU = Debug|Any CPU
		Release|Any CPU = Release|Any CPU
	EndGlobalSection
	GlobalSection(ProjectConfigurationPlatforms) = postSolution
		{A0A73DDF-F1BE-4CD7-915C-2EE225D4D44B}.Debug|Any CPU.ActiveCfg = Debug|Any CPU
		{A0A73DDF-F1BE-4CD7-915C-2EE225D4D44B}.Debug|Any CPU.Build.0 = Debug|Any CPU
		{A0A73DDF-F1BE-4CD7-915C-2EE225D4D44B}.Release|Any CPU.ActiveCfg = Release|Any CPU
		{A0A73DDF-F1BE-4CD7-915C-2EE225D4D44B}.Release|Any CPU.Build.0 = Release|Any CPU
	EndGlobalSection
	GlobalSection(SolutionProperties) = preSolution
		HideSolutionNode = FALSE
	EndGlobalSection
	GlobalSection(ExtensibilityGlobals) = postSolution
		SolutionGuid = {DB2ABC06-91B8-4199-A302-7FB37E0E74CF}
	EndGlobalSection
EndGlobal
