
Microsoft Visual Studio Solution File, Format Version 12.00
# Visual Studio Version 17
VisualStudioVersion = 17.14.36414.22 d17.14
MinimumVisualStudioVersion = 10.0.40219.1
Project("{FAE04EC0-301F-11D3-BF4B-00C04F79EFBC}") = "C# Code Tuesday", "C# Code Tuesday.csproj", "{DBDD7A16-F367-4AA8-A038-E26E03B5000E}"
EndProject
Global
	GlobalSection(SolutionConfigurationPlatforms) = preSolution
		Debug|Any CPU = Debug|Any CPU
		Release|Any CPU = Release|Any CPU
	EndGlobalSection
	GlobalSection(ProjectConfigurationPlatforms) = postSolution
		{DBDD7A16-F367-4AA8-A038-E26E03B5000E}.Debug|Any CPU.ActiveCfg = Debug|Any CPU
		{DBDD7A16-F367-4AA8-A038-E26E03B5000E}.Debug|Any CPU.Build.0 = Debug|Any CPU
		{DBDD7A16-F367-4AA8-A038-E26E03B5000E}.Release|Any CPU.ActiveCfg = Release|Any CPU
		{DBDD7A16-F367-4AA8-A038-E26E03B5000E}.Release|Any CPU.Build.0 = Release|Any CPU
	EndGlobalSection
	GlobalSection(SolutionProperties) = preSolution
		HideSolutionNode = FALSE
	EndGlobalSection
	GlobalSection(ExtensibilityGlobals) = postSolution
		SolutionGuid = {FC558C32-8586-4715-9FBF-7BD9E46481A9}
	EndGlobalSection
EndGlobal
